
Microsoft Visual Studio Solution File, Format Version 12.00
# Visual Studio 15
VisualStudioVersion = 15.0.28307.271
MinimumVisualStudioVersion = 10.0.40219.1
Project("{FAE04EC0-301F-11D3-BF4B-00C04F79EFBC}") = "MvcMusicStoreJSweany", "MvcMusicStoreJSweany\MvcMusicStoreJSweany.csproj", "{52A5D1AA-2BF4-40CB-B46A-98FC134C7864}"
EndProject
Project("{FAE04EC0-301F-11D3-BF4B-00C04F79EFBC}") = "MvcMusicStoreJSweany.Tests", "MvcMusicStoreJSweany.Tests\MvcMusicStoreJSweany.Tests.csproj", "{05F5E5DD-94DD-4FF1-8D95-281E563167BE}"
EndProject
Global
	GlobalSection(SolutionConfigurationPlatforms) = preSolution
		Debug|Any CPU = Debug|Any CPU
		Release|Any CPU = Release|Any CPU
	EndGlobalSection
	GlobalSection(ProjectConfigurationPlatforms) = postSolution
		{52A5D1AA-2BF4-40CB-B46A-98FC134C7864}.Debug|Any CPU.ActiveCfg = Debug|Any CPU
		{52A5D1AA-2BF4-40CB-B46A-98FC134C7864}.Debug|Any CPU.Build.0 = Debug|Any CPU
		{52A5D1AA-2BF4-40CB-B46A-98FC134C7864}.Release|Any CPU.ActiveCfg = Release|Any CPU
		{52A5D1AA-2BF4-40CB-B46A-98FC134C7864}.Release|Any CPU.Build.0 = Release|Any CPU
		{05F5E5DD-94DD-4FF1-8D95-281E563167BE}.Debug|Any CPU.ActiveCfg = Debug|Any CPU
		{05F5E5DD-94DD-4FF1-8D95-281E563167BE}.Debug|Any CPU.Build.0 = Debug|Any CPU
		{05F5E5DD-94DD-4FF1-8D95-281E563167BE}.Release|Any CPU.ActiveCfg = Release|Any CPU
		{05F5E5DD-94DD-4FF1-8D95-281E563167BE}.Release|Any CPU.Build.0 = Release|Any CPU
	EndGlobalSection
	GlobalSection(SolutionProperties) = preSolution
		HideSolutionNode = FALSE
	EndGlobalSection
	GlobalSection(ExtensibilityGlobals) = postSolution
		SolutionGuid = {A269C656-8549-465D-9FA2-4AB3C1E58C66}
	EndGlobalSection
EndGlobal
